
Microsoft Visual Studio Solution File, Format Version 12.00
Project("{FAE04EC0-301F-11D3-BF4B-00C04F79EFBC}") = "DDDCore", "DDDCore\DDDCore.csproj", "{B98FB43F-07C5-47EB-B492-57532A0ADD62}"
EndProject
Project("{FAE04EC0-301F-11D3-BF4B-00C04F79EFBC}") = "DDDCore.Domain", "DDDCore.Domain\DDDCore.Domain.csproj", "{220AB283-CBD3-457C-B224-F58378DF75D9}"
EndProject
Project("{FAE04EC0-301F-11D3-BF4B-00C04F79EFBC}") = "DDDCore.ConsoleTest", "DDDCore.ConsoleTest\DDDCore.ConsoleTest.csproj", "{F74A20A0-56E8-4210-9A5D-B4E868104362}"
EndProject
Global
	GlobalSection(SolutionConfigurationPlatforms) = preSolution
		Debug|Any CPU = Debug|Any CPU
		Release|Any CPU = Release|Any CPU
	EndGlobalSection
	GlobalSection(ProjectConfigurationPlatforms) = postSolution
		{B98FB43F-07C5-47EB-B492-57532A0ADD62}.Debug|Any CPU.ActiveCfg = Debug|Any CPU
		{B98FB43F-07C5-47EB-B492-57532A0ADD62}.Debug|Any CPU.Build.0 = Debug|Any CPU
		{B98FB43F-07C5-47EB-B492-57532A0ADD62}.Release|Any CPU.ActiveCfg = Release|Any CPU
		{B98FB43F-07C5-47EB-B492-57532A0ADD62}.Release|Any CPU.Build.0 = Release|Any CPU
		{220AB283-CBD3-457C-B224-F58378DF75D9}.Debug|Any CPU.ActiveCfg = Debug|Any CPU
		{220AB283-CBD3-457C-B224-F58378DF75D9}.Debug|Any CPU.Build.0 = Debug|Any CPU
		{220AB283-CBD3-457C-B224-F58378DF75D9}.Release|Any CPU.ActiveCfg = Release|Any CPU
		{220AB283-CBD3-457C-B224-F58378DF75D9}.Release|Any CPU.Build.0 = Release|Any CPU
		{F74A20A0-56E8-4210-9A5D-B4E868104362}.Debug|Any CPU.ActiveCfg = Debug|Any CPU
		{F74A20A0-56E8-4210-9A5D-B4E868104362}.Debug|Any CPU.Build.0 = Debug|Any CPU
		{F74A20A0-56E8-4210-9A5D-B4E868104362}.Release|Any CPU.ActiveCfg = Release|Any CPU
		{F74A20A0-56E8-4210-9A5D-B4E868104362}.Release|Any CPU.Build.0 = Release|Any CPU
	EndGlobalSection
EndGlobal
